
Microsoft Visual Studio Solution File, Format Version 12.00
# Visual Studio Version 17
VisualStudioVersion = 17.7.34024.191
MinimumVisualStudioVersion = 10.0.40219.1
Project("{FAE04EC0-301F-11D3-BF4B-00C04F79EFBC}") = "project1_SDT", "project1_SDT\project1_SDT.csproj", "{2714420C-9111-44BD-8A04-0FF1B2366ADB}"
EndProject
Global
	GlobalSection(SolutionConfigurationPlatforms) = preSolution
		Debug|Any CPU = Debug|Any CPU
		Release|Any CPU = Release|Any CPU
	EndGlobalSection
	GlobalSection(ProjectConfigurationPlatforms) = postSolution
		{2714420C-9111-44BD-8A04-0FF1B2366ADB}.Debug|Any CPU.ActiveCfg = Debug|Any CPU
		{2714420C-9111-44BD-8A04-0FF1B2366ADB}.Debug|Any CPU.Build.0 = Debug|Any CPU
		{2714420C-9111-44BD-8A04-0FF1B2366ADB}.Release|Any CPU.ActiveCfg = Release|Any CPU
		{2714420C-9111-44BD-8A04-0FF1B2366ADB}.Release|Any CPU.Build.0 = Release|Any CPU
	EndGlobalSection
	GlobalSection(SolutionProperties) = preSolution
		HideSolutionNode = FALSE
	EndGlobalSection
	GlobalSection(ExtensibilityGlobals) = postSolution
		SolutionGuid = {83379828-3B1F-422D-B597-D8F8402BE66A}
	EndGlobalSection
EndGlobal
